
Microsoft Visual Studio Solution File, Format Version 12.00
# Visual Studio Version 17
VisualStudioVersion = 17.7.34202.233
MinimumVisualStudioVersion = 10.0.40219.1
Project("{FAE04EC0-301F-11D3-BF4B-00C04F79EFBC}") = "ForestTime.Entitylayer", "ForestTime.Entitylayer\ForestTime.Entitylayer.csproj", "{3BD51AAB-B684-4FA2-8888-F7422D2691A0}"
EndProject
Project("{FAE04EC0-301F-11D3-BF4B-00C04F79EFBC}") = "ForestTime.DataAccessLayer", "ForesTime.DataAccessLayer\ForestTime.DataAccessLayer.csproj", "{41F7F93E-3830-4F95-9A25-5CB1A41347F9}"
EndProject
Project("{FAE04EC0-301F-11D3-BF4B-00C04F79EFBC}") = "ForestTime.BusinessLayer", "ForestTime.BusinessLayer\ForestTime.BusinessLayer.csproj", "{A386878A-ECFE-4825-8BE7-1859FD95BDE1}"
EndProject
Project("{FAE04EC0-301F-11D3-BF4B-00C04F79EFBC}") = "ForestTime.UserInterfaceLayer", "ForestTime.UserInterfaceLayer\ForestTime.UserInterfaceLayer.csproj", "{BEC166C5-90F7-4DE9-97DC-1C54EFEAD0A8}"
EndProject
Project("{FAE04EC0-301F-11D3-BF4B-00C04F79EFBC}") = "ForestTime.DataTransferObjectlayer", "ForestTime.DataTransferObjectlayer\ForestTime.DataTransferObjectlayer.csproj", "{104EC25C-23F8-4571-B584-133614CB414D}"
EndProject
Global
	GlobalSection(SolutionConfigurationPlatforms) = preSolution
		Debug|Any CPU = Debug|Any CPU
		Release|Any CPU = Release|Any CPU
	EndGlobalSection
	GlobalSection(ProjectConfigurationPlatforms) = postSolution
		{3BD51AAB-B684-4FA2-8888-F7422D2691A0}.Debug|Any CPU.ActiveCfg = Debug|Any CPU
		{3BD51AAB-B684-4FA2-8888-F7422D2691A0}.Debug|Any CPU.Build.0 = Debug|Any CPU
		{3BD51AAB-B684-4FA2-8888-F7422D2691A0}.Release|Any CPU.ActiveCfg = Release|Any CPU
		{3BD51AAB-B684-4FA2-8888-F7422D2691A0}.Release|Any CPU.Build.0 = Release|Any CPU
		{41F7F93E-3830-4F95-9A25-5CB1A41347F9}.Debug|Any CPU.ActiveCfg = Debug|Any CPU
		{41F7F93E-3830-4F95-9A25-5CB1A41347F9}.Debug|Any CPU.Build.0 = Debug|Any CPU
		{41F7F93E-3830-4F95-9A25-5CB1A41347F9}.Release|Any CPU.ActiveCfg = Release|Any CPU
		{41F7F93E-3830-4F95-9A25-5CB1A41347F9}.Release|Any CPU.Build.0 = Release|Any CPU
		{A386878A-ECFE-4825-8BE7-1859FD95BDE1}.Debug|Any CPU.ActiveCfg = Debug|Any CPU
		{A386878A-ECFE-4825-8BE7-1859FD95BDE1}.Debug|Any CPU.Build.0 = Debug|Any CPU
		{A386878A-ECFE-4825-8BE7-1859FD95BDE1}.Release|Any CPU.ActiveCfg = Release|Any CPU
		{A386878A-ECFE-4825-8BE7-1859FD95BDE1}.Release|Any CPU.Build.0 = Release|Any CPU
		{BEC166C5-90F7-4DE9-97DC-1C54EFEAD0A8}.Debug|Any CPU.ActiveCfg = Debug|Any CPU
		{BEC166C5-90F7-4DE9-97DC-1C54EFEAD0A8}.Debug|Any CPU.Build.0 = Debug|Any CPU
		{BEC166C5-90F7-4DE9-97DC-1C54EFEAD0A8}.Release|Any CPU.ActiveCfg = Release|Any CPU
		{BEC166C5-90F7-4DE9-97DC-1C54EFEAD0A8}.Release|Any CPU.Build.0 = Release|Any CPU
		{104EC25C-23F8-4571-B584-133614CB414D}.Debug|Any CPU.ActiveCfg = Debug|Any CPU
		{104EC25C-23F8-4571-B584-133614CB414D}.Debug|Any CPU.Build.0 = Debug|Any CPU
		{104EC25C-23F8-4571-B584-133614CB414D}.Release|Any CPU.ActiveCfg = Release|Any CPU
		{104EC25C-23F8-4571-B584-133614CB414D}.Release|Any CPU.Build.0 = Release|Any CPU
	EndGlobalSection
	GlobalSection(SolutionProperties) = preSolution
		HideSolutionNode = FALSE
	EndGlobalSection
	GlobalSection(ExtensibilityGlobals) = postSolution
		SolutionGuid = {C63CF2CB-DD3F-4DCA-8FAF-6B25ED5A967A}
	EndGlobalSection
EndGlobal
